// !$*UTF8*$!
{
	archiveVersion = 1;
	classes = {
	};
	objectVersion = 50;
	objects = {

/* Begin PBXBuildFile section */
		98B4904A267905B600A5C3A3 /* AppDelegate.swift in Sources */ = {isa = PBXBuildFile; fileRef = 98B49049267905B600A5C3A3 /* AppDelegate.swift */; };
		98B4904C267905B600A5C3A3 /* SceneDelegate.swift in Sources */ = {isa = PBXBuildFile; fileRef = 98B4904B267905B600A5C3A3 /* SceneDelegate.swift */; };
		98B49053267905B900A5C3A3 /* Assets.xcassets in Resources */ = {isa = PBXBuildFile; fileRef = 98B49052267905B900A5C3A3 /* Assets.xcassets */; };
		98B49056267905B900A5C3A3 /* LaunchScreen.storyboard in Resources */ = {isa = PBXBuildFile; fileRef = 98B49054267905B900A5C3A3 /* LaunchScreen.storyboard */; };
		98B49061267905B900A5C3A3 /* URLsharerTests.swift in Sources */ = {isa = PBXBuildFile; fileRef = 98B49060267905B900A5C3A3 /* URLsharerTests.swift */; };
		98B4906C267905B900A5C3A3 /* URLsharerUITests.swift in Sources */ = {isa = PBXBuildFile; fileRef = 98B4906B267905B900A5C3A3 /* URLsharerUITests.swift */; };
		98B4907D267A18C100A5C3A3 /* SharedHistory.storyboard in Resources */ = {isa = PBXBuildFile; fileRef = 98B4907C267A18C100A5C3A3 /* SharedHistory.storyboard */; };
		98B49090267A199F00A5C3A3 /* SharedHistoryViewController.swift in Sources */ = {isa = PBXBuildFile; fileRef = 98B4908F267A199F00A5C3A3 /* SharedHistoryViewController.swift */; };
/* End PBXBuildFile section */

/* Begin PBXContainerItemProxy section */
		98B4905D267905B900A5C3A3 /* PBXContainerItemProxy */ = {
			isa = PBXContainerItemProxy;
			containerPortal = 98B4903E267905B600A5C3A3 /* Project object */;
			proxyType = 1;
			remoteGlobalIDString = 98B49045267905B600A5C3A3;
			remoteInfo = URLsharer;
		};
		98B49068267905B900A5C3A3 /* PBXContainerItemProxy */ = {
			isa = PBXContainerItemProxy;
			containerPortal = 98B4903E267905B600A5C3A3 /* Project object */;
			proxyType = 1;
			remoteGlobalIDString = 98B49045267905B600A5C3A3;
			remoteInfo = URLsharer;
		};
/* End PBXContainerItemProxy section */

/* Begin PBXFileReference section */
		98B49046267905B600A5C3A3 /* URLsharer.app */ = {isa = PBXFileReference; explicitFileType = wrapper.application; includeInIndex = 0; path = URLsharer.app; sourceTree = BUILT_PRODUCTS_DIR; };
		98B49049267905B600A5C3A3 /* AppDelegate.swift */ = {isa = PBXFileReference; lastKnownFileType = sourcecode.swift; path = AppDelegate.swift; sourceTree = "<group>"; };
		98B4904B267905B600A5C3A3 /* SceneDelegate.swift */ = {isa = PBXFileReference; lastKnownFileType = sourcecode.swift; path = SceneDelegate.swift; sourceTree = "<group>"; };
		98B49052267905B900A5C3A3 /* Assets.xcassets */ = {isa = PBXFileReference; lastKnownFileType = folder.assetcatalog; path = Assets.xcassets; sourceTree = "<group>"; };
		98B49055267905B900A5C3A3 /* Base */ = {isa = PBXFileReference; lastKnownFileType = file.storyboard; name = Base; path = Base.lproj/LaunchScreen.storyboard; sourceTree = "<group>"; };
		98B49057267905B900A5C3A3 /* Info.plist */ = {isa = PBXFileReference; lastKnownFileType = text.plist.xml; path = Info.plist; sourceTree = "<group>"; };
		98B4905C267905B900A5C3A3 /* URLsharerTests.xctest */ = {isa = PBXFileReference; explicitFileType = wrapper.cfbundle; includeInIndex = 0; path = URLsharerTests.xctest; sourceTree = BUILT_PRODUCTS_DIR; };
		98B49060267905B900A5C3A3 /* URLsharerTests.swift */ = {isa = PBXFileReference; lastKnownFileType = sourcecode.swift; path = URLsharerTests.swift; sourceTree = "<group>"; };
		98B49062267905B900A5C3A3 /* Info.plist */ = {isa = PBXFileReference; lastKnownFileType = text.plist.xml; path = Info.plist; sourceTree = "<group>"; };
		98B49067267905B900A5C3A3 /* URLsharerUITests.xctest */ = {isa = PBXFileReference; explicitFileType = wrapper.cfbundle; includeInIndex = 0; path = URLsharerUITests.xctest; sourceTree = BUILT_PRODUCTS_DIR; };
		98B4906B267905B900A5C3A3 /* URLsharerUITests.swift */ = {isa = PBXFileReference; lastKnownFileType = sourcecode.swift; path = URLsharerUITests.swift; sourceTree = "<group>"; };
		98B4906D267905B900A5C3A3 /* Info.plist */ = {isa = PBXFileReference; lastKnownFileType = text.plist.xml; path = Info.plist; sourceTree = "<group>"; };
		98B4907C267A18C100A5C3A3 /* SharedHistory.storyboard */ = {isa = PBXFileReference; lastKnownFileType = file.storyboard; path = SharedHistory.storyboard; sourceTree = "<group>"; };
		98B4908F267A199F00A5C3A3 /* SharedHistoryViewController.swift */ = {isa = PBXFileReference; lastKnownFileType = sourcecode.swift; path = SharedHistoryViewController.swift; sourceTree = "<group>"; };
/* End PBXFileReference section */

/* Begin PBXFrameworksBuildPhase section */
		98B49043267905B600A5C3A3 /* Frameworks */ = {
			isa = PBXFrameworksBuildPhase;
			buildActionMask = 2147483647;
			files = (
			);
			runOnlyForDeploymentPostprocessing = 0;
		};
		98B49059267905B900A5C3A3 /* Frameworks */ = {
			isa = PBXFrameworksBuildPhase;
			buildActionMask = 2147483647;
			files = (
			);
			runOnlyForDeploymentPostprocessing = 0;
		};
		98B49064267905B900A5C3A3 /* Frameworks */ = {
			isa = PBXFrameworksBuildPhase;
			buildActionMask = 2147483647;
			files = (
			);
			runOnlyForDeploymentPostprocessing = 0;
		};
/* End PBXFrameworksBuildPhase section */

/* Begin PBXGroup section */
		98B4903D267905B600A5C3A3 = {
			isa = PBXGroup;
			children = (
				98B49048267905B600A5C3A3 /* URLsharer */,
				98B4905F267905B900A5C3A3 /* URLsharerTests */,
				98B4906A267905B900A5C3A3 /* URLsharerUITests */,
				98B49047267905B600A5C3A3 /* Products */,
			);
			sourceTree = "<group>";
		};
		98B49047267905B600A5C3A3 /* Products */ = {
			isa = PBXGroup;
			children = (
				98B49046267905B600A5C3A3 /* URLsharer.app */,
				98B4905C267905B900A5C3A3 /* URLsharerTests.xctest */,
				98B49067267905B900A5C3A3 /* URLsharerUITests.xctest */,
			);
			name = Products;
			sourceTree = "<group>";
		};
		98B49048267905B600A5C3A3 /* URLsharer */ = {
			isa = PBXGroup;
			children = (
				98B49049267905B600A5C3A3 /* AppDelegate.swift */,
				98B4904B267905B600A5C3A3 /* SceneDelegate.swift */,
				98B49097267A1A5400A5C3A3 /* SharedHistory */,
				98B49052267905B900A5C3A3 /* Assets.xcassets */,
				98B49054267905B900A5C3A3 /* LaunchScreen.storyboard */,
				98B49057267905B900A5C3A3 /* Info.plist */,
			);
			path = URLsharer;
			sourceTree = "<group>";
		};
		98B4905F267905B900A5C3A3 /* URLsharerTests */ = {
			isa = PBXGroup;
			children = (
				98B49060267905B900A5C3A3 /* URLsharerTests.swift */,
				98B49062267905B900A5C3A3 /* Info.plist */,
			);
			path = URLsharerTests;
			sourceTree = "<group>";
		};
		98B4906A267905B900A5C3A3 /* URLsharerUITests */ = {
			isa = PBXGroup;
			children = (
				98B4906B267905B900A5C3A3 /* URLsharerUITests.swift */,
				98B4906D267905B900A5C3A3 /* Info.plist */,
			);
			path = URLsharerUITests;
			sourceTree = "<group>";
		};
		98B49097267A1A5400A5C3A3 /* SharedHistory */ = {
			isa = PBXGroup;
			children = (
				98B4908F267A199F00A5C3A3 /* SharedHistoryViewController.swift */,
				98B4907C267A18C100A5C3A3 /* SharedHistory.storyboard */,
			);
			path = SharedHistory;
			sourceTree = "<group>";
		};
/* End PBXGroup section */

/* Begin PBXNativeTarget section */
		98B49045267905B600A5C3A3 /* URLsharer */ = {
			isa = PBXNativeTarget;
			buildConfigurationList = 98B49070267905B900A5C3A3 /* Build configuration list for PBXNativeTarget "URLsharer" */;
			buildPhases = (
				98B49042267905B600A5C3A3 /* Sources */,
				98B49043267905B600A5C3A3 /* Frameworks */,
				98B49044267905B600A5C3A3 /* Resources */,
			);
			buildRules = (
			);
			dependencies = (
			);
			name = URLsharer;
			productName = URLsharer;
			productReference = 98B49046267905B600A5C3A3 /* URLsharer.app */;
			productType = "com.apple.product-type.application";
		};
		98B4905B267905B900A5C3A3 /* URLsharerTests */ = {
			isa = PBXNativeTarget;
			buildConfigurationList = 98B49073267905B900A5C3A3 /* Build configuration list for PBXNativeTarget "URLsharerTests" */;
			buildPhases = (
				98B49058267905B900A5C3A3 /* Sources */,
				98B49059267905B900A5C3A3 /* Frameworks */,
				98B4905A267905B900A5C3A3 /* Resources */,
			);
			buildRules = (
			);
			dependencies = (
				98B4905E267905B900A5C3A3 /* PBXTargetDependency */,
			);
			name = URLsharerTests;
			productName = URLsharerTests;
			productReference = 98B4905C267905B900A5C3A3 /* URLsharerTests.xctest */;
			productType = "com.apple.product-type.bundle.unit-test";
		};
		98B49066267905B900A5C3A3 /* URLsharerUITests */ = {
			isa = PBXNativeTarget;
			buildConfigurationList = 98B49076267905B900A5C3A3 /* Build configuration list for PBXNativeTarget "URLsharerUITests" */;
			buildPhases = (
				98B49063267905B900A5C3A3 /* Sources */,
				98B49064267905B900A5C3A3 /* Frameworks */,
				98B49065267905B900A5C3A3 /* Resources */,
			);
			buildRules = (
			);
			dependencies = (
				98B49069267905B900A5C3A3 /* PBXTargetDependency */,
			);
			name = URLsharerUITests;
			productName = URLsharerUITests;
			productReference = 98B49067267905B900A5C3A3 /* URLsharerUITests.xctest */;
			productType = "com.apple.product-type.bundle.ui-testing";
		};
/* End PBXNativeTarget section */

/* Begin PBXProject section */
		98B4903E267905B600A5C3A3 /* Project object */ = {
			isa = PBXProject;
			attributes = {
				LastSwiftUpdateCheck = 1240;
				LastUpgradeCheck = 1240;
				TargetAttributes = {
					98B49045267905B600A5C3A3 = {
						CreatedOnToolsVersion = 12.4;
					};
					98B4905B267905B900A5C3A3 = {
						CreatedOnToolsVersion = 12.4;
						TestTargetID = 98B49045267905B600A5C3A3;
					};
					98B49066267905B900A5C3A3 = {
						CreatedOnToolsVersion = 12.4;
						TestTargetID = 98B49045267905B600A5C3A3;
					};
				};
			};
			buildConfigurationList = 98B49041267905B600A5C3A3 /* Build configuration list for PBXProject "URLsharer" */;
			compatibilityVersion = "Xcode 9.3";
			developmentRegion = en;
			hasScannedForEncodings = 0;
			knownRegions = (
				en,
				Base,
			);
			mainGroup = 98B4903D267905B600A5C3A3;
			productRefGroup = 98B49047267905B600A5C3A3 /* Products */;
			projectDirPath = "";
			projectRoot = "";
			targets = (
				98B49045267905B600A5C3A3 /* URLsharer */,
				98B4905B267905B900A5C3A3 /* URLsharerTests */,
				98B49066267905B900A5C3A3 /* URLsharerUITests */,
			);
		};
/* End PBXProject section */

/* Begin PBXResourcesBuildPhase section */
		98B49044267905B600A5C3A3 /* Resources */ = {
			isa = PBXResourcesBuildPhase;
			buildActionMask = 2147483647;
			files = (
				98B4907D267A18C100A5C3A3 /* SharedHistory.storyboard in Resources */,
				98B49056267905B900A5C3A3 /* LaunchScreen.storyboard in Resources */,
				98B49053267905B900A5C3A3 /* Assets.xcassets in Resources */,
			);
			runOnlyForDeploymentPostprocessing = 0;
		};
		98B4905A267905B900A5C3A3 /* Resources */ = {
			isa = PBXResourcesBuildPhase;
			buildActionMask = 2147483647;
			files = (
			);
			runOnlyForDeploymentPostprocessing = 0;
		};
		98B49065267905B900A5C3A3 /* Resources */ = {
			isa = PBXResourcesBuildPhase;
			buildActionMask = 2147483647;
			files = (
			);
			runOnlyForDeploymentPostprocessing = 0;
		};
/* End PBXResourcesBuildPhase section */

/* Begin PBXSourcesBuildPhase section */
		98B49042267905B600A5C3A3 /* Sources */ = {
			isa = PBXSourcesBuildPhase;
			buildActionMask = 2147483647;
			files = (
				98B49090267A199F00A5C3A3 /* SharedHistoryViewController.swift in Sources */,
				98B4904A267905B600A5C3A3 /* AppDelegate.swift in Sources */,
				98B4904C267905B600A5C3A3 /* SceneDelegate.swift in Sources */,
			);
			runOnlyForDeploymentPostprocessing = 0;
		};
		98B49058267905B900A5C3A3 /* Sources */ = {
			isa = PBXSourcesBuildPhase;
			buildActionMask = 2147483647;
			files = (
				98B49061267905B900A5C3A3 /* URLsharerTests.swift in Sources */,
			);
			runOnlyForDeploymentPostprocessing = 0;
		};
		98B49063267905B900A5C3A3 /* Sources */ = {
			isa = PBXSourcesBuildPhase;
			buildActionMask = 2147483647;
			files = (
				98B4906C267905B900A5C3A3 /* URLsharerUITests.swift in Sources */,
			);
			runOnlyForDeploymentPostprocessing = 0;
		};
/* End PBXSourcesBuildPhase section */

/* Begin PBXTargetDependency section */
		98B4905E267905B900A5C3A3 /* PBXTargetDependency */ = {
			isa = PBXTargetDependency;
			target = 98B49045267905B600A5C3A3 /* URLsharer */;
			targetProxy = 98B4905D267905B900A5C3A3 /* PBXContainerItemProxy */;
		};
		98B49069267905B900A5C3A3 /* PBXTargetDependency */ = {
			isa = PBXTargetDependency;
			target = 98B49045267905B600A5C3A3 /* URLsharer */;
			targetProxy = 98B49068267905B900A5C3A3 /* PBXContainerItemProxy */;
		};
/* End PBXTargetDependency section */

/* Begin PBXVariantGroup section */
		98B49054267905B900A5C3A3 /* LaunchScreen.storyboard */ = {
			isa = PBXVariantGroup;
			children = (
				98B49055267905B900A5C3A3 /* Base */,
			);
			name = LaunchScreen.storyboard;
			sourceTree = "<group>";
		};
/* End PBXVariantGroup section */

/* Begin XCBuildConfiguration section */
		98B4906E267905B900A5C3A3 /* Debug */ = {
			isa = XCBuildConfiguration;
			buildSettings = {
				ALWAYS_SEARCH_USER_PATHS = NO;
				CLANG_ANALYZER_NONNULL = YES;
				CLANG_ANALYZER_NUMBER_OBJECT_CONVERSION = YES_AGGRESSIVE;
				CLANG_CXX_LANGUAGE_STANDARD = "gnu++14";
				CLANG_CXX_LIBRARY = "libc++";
				CLANG_ENABLE_MODULES = YES;
				CLANG_ENABLE_OBJC_ARC = YES;
				CLANG_ENABLE_OBJC_WEAK = YES;
				CLANG_WARN_BLOCK_CAPTURE_AUTORELEASING = YES;
				CLANG_WARN_BOOL_CONVERSION = YES;
				CLANG_WARN_COMMA = YES;
				CLANG_WARN_CONSTANT_CONVERSION = YES;
				CLANG_WARN_DEPRECATED_OBJC_IMPLEMENTATIONS = YES;
				CLANG_WARN_DIRECT_OBJC_ISA_USAGE = YES_ERROR;
				CLANG_WARN_DOCUMENTATION_COMMENTS = YES;
				CLANG_WARN_EMPTY_BODY = YES;
				CLANG_WARN_ENUM_CONVERSION = YES;
				CLANG_WARN_INFINITE_RECURSION = YES;
				CLANG_WARN_INT_CONVERSION = YES;
				CLANG_WARN_NON_LITERAL_NULL_CONVERSION = YES;
				CLANG_WARN_OBJC_IMPLICIT_RETAIN_SELF = YES;
				CLANG_WARN_OBJC_LITERAL_CONVERSION = YES;
				CLANG_WARN_OBJC_ROOT_CLASS = YES_ERROR;
				CLANG_WARN_QUOTED_INCLUDE_IN_FRAMEWORK_HEADER = YES;
				CLANG_WARN_RANGE_LOOP_ANALYSIS = YES;
				CLANG_WARN_STRICT_PROTOTYPES = YES;
				CLANG_WARN_SUSPICIOUS_MOVE = YES;
				CLANG_WARN_UNGUARDED_AVAILABILITY = YES_AGGRESSIVE;
				CLANG_WARN_UNREACHABLE_CODE = YES;
				CLANG_WARN__DUPLICATE_METHOD_MATCH = YES;
				COPY_PHASE_STRIP = NO;
				DEBUG_INFORMATION_FORMAT = dwarf;
				ENABLE_STRICT_OBJC_MSGSEND = YES;
				ENABLE_TESTABILITY = YES;
				GCC_C_LANGUAGE_STANDARD = gnu11;
				GCC_DYNAMIC_NO_PIC = NO;
				GCC_NO_COMMON_BLOCKS = YES;
				GCC_OPTIMIZATION_LEVEL = 0;
				GCC_PREPROCESSOR_DEFINITIONS = (
					"DEBUG=1",
					"$(inherited)",
				);
				GCC_WARN_64_TO_32_BIT_CONVERSION = YES;
				GCC_WARN_ABOUT_RETURN_TYPE = YES_ERROR;
				GCC_WARN_UNDECLARED_SELECTOR = YES;
				GCC_WARN_UNINITIALIZED_AUTOS = YES_AGGRESSIVE;
				GCC_WARN_UNUSED_FUNCTION = YES;
				GCC_WARN_UNUSED_VARIABLE = YES;
				IPHONEOS_DEPLOYMENT_TARGET = 14.4;
				MTL_ENABLE_DEBUG_INFO = INCLUDE_SOURCE;
				MTL_FAST_MATH = YES;
				ONLY_ACTIVE_ARCH = YES;
				SDKROOT = iphoneos;
				SWIFT_ACTIVE_COMPILATION_CONDITIONS = DEBUG;
				SWIFT_OPTIMIZATION_LEVEL = "-Onone";
			};
			name = Debug;
		};
		98B4906F267905B900A5C3A3 /* Release */ = {
			isa = XCBuildConfiguration;
			buildSettings = {
				ALWAYS_SEARCH_USER_PATHS = NO;
				CLANG_ANALYZER_NONNULL = YES;
				CLANG_ANALYZER_NUMBER_OBJECT_CONVERSION = YES_AGGRESSIVE;
				CLANG_CXX_LANGUAGE_STANDARD = "gnu++14";
				CLANG_CXX_LIBRARY = "libc++";
				CLANG_ENABLE_MODULES = YES;
				CLANG_ENABLE_OBJC_ARC = YES;
				CLANG_ENABLE_OBJC_WEAK = YES;
				CLANG_WARN_BLOCK_CAPTURE_AUTORELEASING = YES;
				CLANG_WARN_BOOL_CONVERSION = YES;
				CLANG_WARN_COMMA = YES;
				CLANG_WARN_CONSTANT_CONVERSION = YES;
				CLANG_WARN_DEPRECATED_OBJC_IMPLEMENTATIONS = YES;
				CLANG_WARN_DIRECT_OBJC_ISA_USAGE = YES_ERROR;
				CLANG_WARN_DOCUMENTATION_COMMENTS = YES;
				CLANG_WARN_EMPTY_BODY = YES;
				CLANG_WARN_ENUM_CONVERSION = YES;
				CLANG_WARN_INFINITE_RECURSION = YES;
				CLANG_WARN_INT_CONVERSION = YES;
				CLANG_WARN_NON_LITERAL_NULL_CONVERSION = YES;
				CLANG_WARN_OBJC_IMPLICIT_RETAIN_SELF = YES;
				CLANG_WARN_OBJC_LITERAL_CONVERSION = YES;
				CLANG_WARN_OBJC_ROOT_CLASS = YES_ERROR;
				CLANG_WARN_QUOTED_INCLUDE_IN_FRAMEWORK_HEADER = YES;
				CLANG_WARN_RANGE_LOOP_ANALYSIS = YES;
				CLANG_WARN_STRICT_PROTOTYPES = YES;
				CLANG_WARN_SUSPICIOUS_MOVE = YES;
				CLANG_WARN_UNGUARDED_AVAILABILITY = YES_AGGRESSIVE;
				CLANG_WARN_UNREACHABLE_CODE = YES;
				CLANG_WARN__DUPLICATE_METHOD_MATCH = YES;
				COPY_PHASE_STRIP = NO;
				DEBUG_INFORMATION_FORMAT = "dwarf-with-dsym";
				ENABLE_NS_ASSERTIONS = NO;
				ENABLE_STRICT_OBJC_MSGSEND = YES;
				GCC_C_LANGUAGE_STANDARD = gnu11;
				GCC_NO_COMMON_BLOCKS = YES;
				GCC_WARN_64_TO_32_BIT_CONVERSION = YES;
				GCC_WARN_ABOUT_RETURN_TYPE = YES_ERROR;
				GCC_WARN_UNDECLARED_SELECTOR = YES;
				GCC_WARN_UNINITIALIZED_AUTOS = YES_AGGRESSIVE;
				GCC_WARN_UNUSED_FUNCTION = YES;
				GCC_WARN_UNUSED_VARIABLE = YES;
				IPHONEOS_DEPLOYMENT_TARGET = 14.4;
				MTL_ENABLE_DEBUG_INFO = NO;
				MTL_FAST_MATH = YES;
				SDKROOT = iphoneos;
				SWIFT_COMPILATION_MODE = wholemodule;
				SWIFT_OPTIMIZATION_LEVEL = "-O";
				VALIDATE_PRODUCT = YES;
			};
			name = Release;
		};
		98B49071267905B900A5C3A3 /* Debug */ = {
			isa = XCBuildConfiguration;
			buildSettings = {
				ASSETCATALOG_COMPILER_APPICON_NAME = AppIcon;
				ASSETCATALOG_COMPILER_GLOBAL_ACCENT_COLOR_NAME = AccentColor;
				CODE_SIGN_STYLE = Automatic;
				DEVELOPMENT_TEAM = FB9J7G99N9;
				INFOPLIST_FILE = URLsharer/Info.plist;
				LD_RUNPATH_SEARCH_PATHS = (
					"$(inherited)",
					"@executable_path/Frameworks",
				);
				PRODUCT_BUNDLE_IDENTIFIER = com.gmail.naoya97316.URLsharer;
				PRODUCT_NAME = "$(TARGET_NAME)";
				SWIFT_VERSION = 5.0;
				TARGETED_DEVICE_FAMILY = "1,2";
			};
			name = Debug;
		};
		98B49072267905B900A5C3A3 /* Release */ = {
			isa = XCBuildConfiguration;
			buildSettings = {
				ASSETCATALOG_COMPILER_APPICON_NAME = AppIcon;
				ASSETCATALOG_COMPILER_GLOBAL_ACCENT_COLOR_NAME = AccentColor;
				CODE_SIGN_STYLE = Automatic;
				DEVELOPMENT_TEAM = FB9J7G99N9;
				INFOPLIST_FILE = URLsharer/Info.plist;
				LD_RUNPATH_SEARCH_PATHS = (
					"$(inherited)",
					"@executable_path/Frameworks",
				);
				PRODUCT_BUNDLE_IDENTIFIER = com.gmail.naoya97316.URLsharer;
				PRODUCT_NAME = "$(TARGET_NAME)";
				SWIFT_VERSION = 5.0;
				TARGETED_DEVICE_FAMILY = "1,2";
			};
			name = Release;
		};
		98B49074267905B900A5C3A3 /* Debug */ = {
			isa = XCBuildConfiguration;
			buildSettings = {
				ALWAYS_EMBED_SWIFT_STANDARD_LIBRARIES = YES;
				BUNDLE_LOADER = "$(TEST_HOST)";
				CODE_SIGN_STYLE = Automatic;
				DEVELOPMENT_TEAM = FB9J7G99N9;
				INFOPLIST_FILE = URLsharerTests/Info.plist;
				IPHONEOS_DEPLOYMENT_TARGET = 14.4;
				LD_RUNPATH_SEARCH_PATHS = (
					"$(inherited)",
					"@executable_path/Frameworks",
					"@loader_path/Frameworks",
				);
				PRODUCT_BUNDLE_IDENTIFIER = com.gmail.naoya97316.URLsharerTests;
				PRODUCT_NAME = "$(TARGET_NAME)";
				SWIFT_VERSION = 5.0;
				TARGETED_DEVICE_FAMILY = "1,2";
				TEST_HOST = "$(BUILT_PRODUCTS_DIR)/URLsharer.app/URLsharer";
			};
			name = Debug;
		};
		98B49075267905B900A5C3A3 /* Release */ = {
			isa = XCBuildConfiguration;
			buildSettings = {
				ALWAYS_EMBED_SWIFT_STANDARD_LIBRARIES = YES;
				BUNDLE_LOADER = "$(TEST_HOST)";
				CODE_SIGN_STYLE = Automatic;
				DEVELOPMENT_TEAM = FB9J7G99N9;
				INFOPLIST_FILE = URLsharerTests/Info.plist;
				IPHONEOS_DEPLOYMENT_TARGET = 14.4;
				LD_RUNPATH_SEARCH_PATHS = (
					"$(inherited)",
					"@executable_path/Frameworks",
					"@loader_path/Frameworks",
				);
				PRODUCT_BUNDLE_IDENTIFIER = com.gmail.naoya97316.URLsharerTests;
				PRODUCT_NAME = "$(TARGET_NAME)";
				SWIFT_VERSION = 5.0;
				TARGETED_DEVICE_FAMILY = "1,2";
				TEST_HOST = "$(BUILT_PRODUCTS_DIR)/URLsharer.app/URLsharer";
			};
			name = Release;
		};
		98B49077267905B900A5C3A3 /* Debug */ = {
			isa = XCBuildConfiguration;
			buildSettings = {
				ALWAYS_EMBED_SWIFT_STANDARD_LIBRARIES = YES;
				CODE_SIGN_STYLE = Automatic;
				DEVELOPMENT_TEAM = FB9J7G99N9;
				INFOPLIST_FILE = URLsharerUITests/Info.plist;
				LD_RUNPATH_SEARCH_PATHS = (
					"$(inherited)",
					"@executable_path/Frameworks",
					"@loader_path/Frameworks",
				);
				PRODUCT_BUNDLE_IDENTIFIER = com.gmail.naoya97316.URLsharerUITests;
				PRODUCT_NAME = "$(TARGET_NAME)";
				SWIFT_VERSION = 5.0;
				TARGETED_DEVICE_FAMILY = "1,2";
				TEST_TARGET_NAME = URLsharer;
			};
			name = Debug;
		};
		98B49078267905B900A5C3A3 /* Release */ = {
			isa = XCBuildConfiguration;
			buildSettings = {
				ALWAYS_EMBED_SWIFT_STANDARD_LIBRARIES = YES;
				CODE_SIGN_STYLE = Automatic;
				DEVELOPMENT_TEAM = FB9J7G99N9;
				INFOPLIST_FILE = URLsharerUITests/Info.plist;
				LD_RUNPATH_SEARCH_PATHS = (
					"$(inherited)",
					"@executable_path/Frameworks",
					"@loader_path/Frameworks",
				);
				PRODUCT_BUNDLE_IDENTIFIER = com.gmail.naoya97316.URLsharerUITests;
				PRODUCT_NAME = "$(TARGET_NAME)";
				SWIFT_VERSION = 5.0;
				TARGETED_DEVICE_FAMILY = "1,2";
				TEST_TARGET_NAME = URLsharer;
			};
			name = Release;
		};
/* End XCBuildConfiguration section */

/* Begin XCConfigurationList section */
		98B49041267905B600A5C3A3 /* Build configuration list for PBXProject "URLsharer" */ = {
			isa = XCConfigurationList;
			buildConfigurations = (
				98B4906E267905B900A5C3A3 /* Debug */,
				98B4906F267905B900A5C3A3 /* Release */,
			);
			defaultConfigurationIsVisible = 0;
			defaultConfigurationName = Release;
		};
		98B49070267905B900A5C3A3 /* Build configuration list for PBXNativeTarget "URLsharer" */ = {
			isa = XCConfigurationList;
			buildConfigurations = (
				98B49071267905B900A5C3A3 /* Debug */,
				98B49072267905B900A5C3A3 /* Release */,
			);
			defaultConfigurationIsVisible = 0;
			defaultConfigurationName = Release;
		};
		98B49073267905B900A5C3A3 /* Build configuration list for PBXNativeTarget "URLsharerTests" */ = {
			isa = XCConfigurationList;
			buildConfigurations = (
				98B49074267905B900A5C3A3 /* Debug */,
				98B49075267905B900A5C3A3 /* Release */,
			);
			defaultConfigurationIsVisible = 0;
			defaultConfigurationName = Release;
		};
		98B49076267905B900A5C3A3 /* Build configuration list for PBXNativeTarget "URLsharerUITests" */ = {
			isa = XCConfigurationList;
			buildConfigurations = (
				98B49077267905B900A5C3A3 /* Debug */,
				98B49078267905B900A5C3A3 /* Release */,
			);
			defaultConfigurationIsVisible = 0;
			defaultConfigurationName = Release;
		};
/* End XCConfigurationList section */
	};
	rootObject = 98B4903E267905B600A5C3A3 /* Project object */;
}
